// !$*UTF8*$!
{
   archiveVersion = "1";
   objectVersion = "46";
   objects = {
      "MxSwift::Antlr4" = {
         isa = "PBXNativeTarget";
         buildConfigurationList = "OBJ_197";
         buildPhases = (
            "OBJ_200",
            "OBJ_353"
         );
         dependencies = (
         );
         name = "Antlr4";
         productName = "Antlr4";
         productReference = "MxSwift::Antlr4::Product";
         productType = "com.apple.product-type.framework";
      };
      "MxSwift::Antlr4::Product" = {
         isa = "PBXFileReference";
         path = "Antlr4.framework";
         sourceTree = "BUILT_PRODUCTS_DIR";
      };
      "MxSwift::MxSwift" = {
         isa = "PBXNativeTarget";
         buildConfigurationList = "OBJ_355";
         buildPhases = (
            "OBJ_358",
            "OBJ_366"
         );
         dependencies = (
            "OBJ_369",
            "OBJ_371"
         );
         name = "MxSwift";
         productName = "MxSwift";
         productReference = "MxSwift::MxSwift::Product";
         productType = "com.apple.product-type.tool";
      };
      "MxSwift::MxSwift::Product" = {
         isa = "PBXFileReference";
         path = "MxSwift";
         sourceTree = "BUILT_PRODUCTS_DIR";
      };
      "MxSwift::Parser" = {
         isa = "PBXNativeTarget";
         buildConfigurationList = "OBJ_378";
         buildPhases = (
            "OBJ_381",
            "OBJ_388"
         );
         dependencies = (
            "OBJ_390"
         );
         name = "Parser";
         productName = "Parser";
         productReference = "MxSwift::Parser::Product";
         productType = "com.apple.product-type.framework";
      };
      "MxSwift::Parser::Product" = {
         isa = "PBXFileReference";
         path = "Parser.framework";
         sourceTree = "BUILT_PRODUCTS_DIR";
      };
      "MxSwift::SwiftPMPackageDescription" = {
         isa = "PBXNativeTarget";
         buildConfigurationList = "OBJ_373";
         buildPhases = (
            "OBJ_376"
         );
         dependencies = (
         );
         name = "MxSwiftPackageDescription";
         productName = "MxSwiftPackageDescription";
         productType = "com.apple.product-type.framework";
      };
      "OBJ_1" = {
         isa = "PBXProject";
         attributes = {
            LastSwiftMigration = "9999";
            LastUpgradeCheck = "9999";
         };
         buildConfigurationList = "OBJ_2";
         compatibilityVersion = "Xcode 3.2";
         developmentRegion = "en";
         hasScannedForEncodings = "0";
         knownRegions = (
            "en"
         );
         mainGroup = "OBJ_5";
         productRefGroup = "OBJ_191";
         projectDirPath = ".";
         targets = (
            "MxSwift::Antlr4",
            "MxSwift::MxSwift",
            "MxSwift::SwiftPMPackageDescription",
            "MxSwift::Parser"
         );
      };
      "OBJ_10" = {
         isa = "PBXFileReference";
         path = "ANTLRErrorStrategy.swift";
         sourceTree = "<group>";
      };
      "OBJ_100" = {
         isa = "PBXFileReference";
         path = "PredicateEvalInfo.swift";
         sourceTree = "<group>";
      };
      "OBJ_101" = {
         isa = "PBXFileReference";
         path = "PredicateTransition.swift";
         sourceTree = "<group>";
      };
      "OBJ_102" = {
         isa = "PBXFileReference";
         path = "PredictionContext.swift";
         sourceTree = "<group>";
      };
      "OBJ_103" = {
         isa = "PBXFileReference";
         path = "PredictionContextCache.swift";
         sourceTree = "<group>";
      };
      "OBJ_104" = {
         isa = "PBXFileReference";
         path = "PredictionMode.swift";
         sourceTree = "<group>";
      };
      "OBJ_105" = {
         isa = "PBXFileReference";
         path = "ProfilingATNSimulator.swift";
         sourceTree = "<group>";
      };
      "OBJ_106" = {
         isa = "PBXFileReference";
         path = "RangeTransition.swift";
         sourceTree = "<group>";
      };
      "OBJ_107" = {
         isa = "PBXFileReference";
         path = "RuleStartState.swift";
         sourceTree = "<group>";
      };
      "OBJ_108" = {
         isa = "PBXFileReference";
         path = "RuleStopState.swift";
         sourceTree = "<group>";
      };
      "OBJ_109" = {
         isa = "PBXFileReference";
         path = "RuleTransition.swift";
         sourceTree = "<group>";
      };
      "OBJ_11" = {
         isa = "PBXFileReference";
         path = "ANTLRFileStream.swift";
         sourceTree = "<group>";
      };
      "OBJ_110" = {
         isa = "PBXFileReference";
         path = "SemanticContext.swift";
         sourceTree = "<group>";
      };
      "OBJ_111" = {
         isa = "PBXFileReference";
         path = "SetTransition.swift";
         sourceTree = "<group>";
      };
      "OBJ_112" = {
         isa = "PBXFileReference";
         path = "SingletonPredictionContext.swift";
         sourceTree = "<group>";
      };
      "OBJ_113" = {
         isa = "PBXFileReference";
         path = "StarBlockStartState.swift";
         sourceTree = "<group>";
      };
      "OBJ_114" = {
         isa = "PBXFileReference";
         path = "StarLoopEntryState.swift";
         sourceTree = "<group>";
      };
      "OBJ_115" = {
         isa = "PBXFileReference";
         path = "StarLoopbackState.swift";
         sourceTree = "<group>";
      };
      "OBJ_116" = {
         isa = "PBXFileReference";
         path = "TokensStartState.swift";
         sourceTree = "<group>";
      };
      "OBJ_117" = {
         isa = "PBXFileReference";
         path = "Transition.swift";
         sourceTree = "<group>";
      };
      "OBJ_118" = {
         isa = "PBXFileReference";
         path = "WildcardTransition.swift";
         sourceTree = "<group>";
      };
      "OBJ_119" = {
         isa = "PBXGroup";
         children = (
            "OBJ_120",
            "OBJ_121",
            "OBJ_122",
            "OBJ_123"
         );
         name = "dfa";
         path = "dfa";
         sourceTree = "<group>";
      };
      "OBJ_12" = {
         isa = "PBXFileReference";
         path = "ANTLRInputStream.swift";
         sourceTree = "<group>";
      };
      "OBJ_120" = {
         isa = "PBXFileReference";
         path = "DFA.swift";
         sourceTree = "<group>";
      };
      "OBJ_121" = {
         isa = "PBXFileReference";
         path = "DFASerializer.swift";
         sourceTree = "<group>";
      };
      "OBJ_122" = {
         isa = "PBXFileReference";
         path = "DFAState.swift";
         sourceTree = "<group>";
      };
      "OBJ_123" = {
         isa = "PBXFileReference";
         path = "LexerDFASerializer.swift";
         sourceTree = "<group>";
      };
      "OBJ_124" = {
         isa = "PBXGroup";
         children = (
            "OBJ_125",
            "OBJ_126",
            "OBJ_127",
            "OBJ_128",
            "OBJ_129",
            "OBJ_130",
            "OBJ_131",
            "OBJ_132",
            "OBJ_133",
            "OBJ_136",
            "OBJ_143"
         );
         name = "misc";
         path = "misc";
         sourceTree = "<group>";
      };
      "OBJ_125" = {
         isa = "PBXFileReference";
         path = "BitSet.swift";
         sourceTree = "<group>";
      };
      "OBJ_126" = {
         isa = "PBXFileReference";
         path = "DoubleKeyMap.swift";
         sourceTree = "<group>";
      };
      "OBJ_127" = {
         isa = "PBXFileReference";
         path = "IntSet.swift";
         sourceTree = "<group>";
      };
      "OBJ_128" = {
         isa = "PBXFileReference";
         path = "Interval.swift";
         sourceTree = "<group>";
      };
      "OBJ_129" = {
         isa = "PBXFileReference";
         path = "IntervalSet.swift";
         sourceTree = "<group>";
      };
      "OBJ_13" = {
         isa = "PBXFileReference";
         path = "BailErrorStrategy.swift";
         sourceTree = "<group>";
      };
      "OBJ_130" = {
         isa = "PBXFileReference";
         path = "MultiMap.swift";
         sourceTree = "<group>";
      };
      "OBJ_131" = {
         isa = "PBXFileReference";
         path = "MurmurHash.swift";
         sourceTree = "<group>";
      };
      "OBJ_132" = {
         isa = "PBXFileReference";
         path = "Utils.swift";
         sourceTree = "<group>";
      };
      "OBJ_133" = {
         isa = "PBXGroup";
         children = (
            "OBJ_134",
            "OBJ_135"
         );
         name = "exception";
         path = "exception";
         sourceTree = "<group>";
      };
      "OBJ_134" = {
         isa = "PBXFileReference";
         path = "ANTLRError.swift";
         sourceTree = "<group>";
      };
      "OBJ_135" = {
         isa = "PBXFileReference";
         path = "ANTLRException.swift";
         sourceTree = "<group>";
      };
      "OBJ_136" = {
         isa = "PBXGroup";
         children = (
            "OBJ_137",
            "OBJ_138",
            "OBJ_139",
            "OBJ_140",
            "OBJ_141",
            "OBJ_142"
         );
         name = "extension";
         path = "extension";
         sourceTree = "<group>";
      };
      "OBJ_137" = {
         isa = "PBXFileReference";
         path = "ArrayExtension.swift";
         sourceTree = "<group>";
      };
      "OBJ_138" = {
         isa = "PBXFileReference";
         path = "CharacterExtension.swift";
         sourceTree = "<group>";
      };
      "OBJ_139" = {
         isa = "PBXFileReference";
         path = "IntStreamExtension.swift";
         sourceTree = "<group>";
      };
      "OBJ_14" = {
         isa = "PBXFileReference";
         path = "BaseErrorListener.swift";
         sourceTree = "<group>";
      };
      "OBJ_140" = {
         isa = "PBXFileReference";
         path = "StringExtension.swift";
         sourceTree = "<group>";
      };
      "OBJ_141" = {
         isa = "PBXFileReference";
         path = "TokenExtension.swift";
         sourceTree = "<group>";
      };
      "OBJ_142" = {
         isa = "PBXFileReference";
         path = "UUIDExtension.swift";
         sourceTree = "<group>";
      };
      "OBJ_143" = {
         isa = "PBXGroup";
         children = (
            "OBJ_144",
            "OBJ_145",
            "OBJ_146"
         );
         name = "utils";
         path = "utils";
         sourceTree = "<group>";
      };
      "OBJ_144" = {
         isa = "PBXFileReference";
         path = "CommonUtil.swift";
         sourceTree = "<group>";
      };
      "OBJ_145" = {
         isa = "PBXFileReference";
         path = "Mutex.swift";
         sourceTree = "<group>";
      };
      "OBJ_146" = {
         isa = "PBXFileReference";
         path = "Stack.swift";
         sourceTree = "<group>";
      };
      "OBJ_147" = {
         isa = "PBXGroup";
         children = (
            "OBJ_148",
            "OBJ_149",
            "OBJ_150",
            "OBJ_151",
            "OBJ_152",
            "OBJ_153",
            "OBJ_154",
            "OBJ_155",
            "OBJ_156",
            "OBJ_157",
            "OBJ_158",
            "OBJ_159",
            "OBJ_160"
         );
         name = "tree";
         path = "tree";
         sourceTree = "<group>";
      };
      "OBJ_148" = {
         isa = "PBXFileReference";
         path = "AbstractParseTreeVisitor.swift";
         sourceTree = "<group>";
      };
      "OBJ_149" = {
         isa = "PBXFileReference";
         path = "ErrorNode.swift";
         sourceTree = "<group>";
      };
      "OBJ_15" = {
         isa = "PBXFileReference";
         path = "BufferedTokenStream.swift";
         sourceTree = "<group>";
      };
      "OBJ_150" = {
         isa = "PBXFileReference";
         path = "ParseTree.swift";
         sourceTree = "<group>";
      };
      "OBJ_151" = {
         isa = "PBXFileReference";
         path = "ParseTreeListener.swift";
         sourceTree = "<group>";
      };
      "OBJ_152" = {
         isa = "PBXFileReference";
         path = "ParseTreeVisitor.swift";
         sourceTree = "<group>";
      };
      "OBJ_153" = {
         isa = "PBXFileReference";
         path = "ParseTreeWalker.swift";
         sourceTree = "<group>";
      };
      "OBJ_154" = {
         isa = "PBXFileReference";
         path = "RuleNode.swift";
         sourceTree = "<group>";
      };
      "OBJ_155" = {
         isa = "PBXFileReference";
         path = "SyntaxTree.swift";
         sourceTree = "<group>";
      };
      "OBJ_156" = {
         isa = "PBXFileReference";
         path = "TerminalNode.swift";
         sourceTree = "<group>";
      };
      "OBJ_157" = {
         isa = "PBXFileReference";
         path = "TerminalNodeImpl.swift";
         sourceTree = "<group>";
      };
      "OBJ_158" = {
         isa = "PBXFileReference";
         path = "Tree.swift";
         sourceTree = "<group>";
      };
      "OBJ_159" = {
         isa = "PBXFileReference";
         path = "Trees.swift";
         sourceTree = "<group>";
      };
      "OBJ_16" = {
         isa = "PBXFileReference";
         path = "CharStream.swift";
         sourceTree = "<group>";
      };
      "OBJ_160" = {
         isa = "PBXGroup";
         children = (
            "OBJ_161",
            "OBJ_162",
            "OBJ_163",
            "OBJ_164",
            "OBJ_165",
            "OBJ_166",
            "OBJ_167",
            "OBJ_168"
         );
         name = "pattern";
         path = "pattern";
         sourceTree = "<group>";
      };
      "OBJ_161" = {
         isa = "PBXFileReference";
         path = "Chunk.swift";
         sourceTree = "<group>";
      };
      "OBJ_162" = {
         isa = "PBXFileReference";
         path = "ParseTreeMatch.swift";
         sourceTree = "<group>";
      };
      "OBJ_163" = {
         isa = "PBXFileReference";
         path = "ParseTreePattern.swift";
         sourceTree = "<group>";
      };
      "OBJ_164" = {
         isa = "PBXFileReference";
         path = "ParseTreePatternMatcher.swift";
         sourceTree = "<group>";
      };
      "OBJ_165" = {
         isa = "PBXFileReference";
         path = "RuleTagToken.swift";
         sourceTree = "<group>";
      };
      "OBJ_166" = {
         isa = "PBXFileReference";
         path = "TagChunk.swift";
         sourceTree = "<group>";
      };
      "OBJ_167" = {
         isa = "PBXFileReference";
         path = "TextChunk.swift";
         sourceTree = "<group>";
      };
      "OBJ_168" = {
         isa = "PBXFileReference";
         path = "TokenTagToken.swift";
         sourceTree = "<group>";
      };
      "OBJ_169" = {
         isa = "PBXGroup";
         children = (
            "OBJ_170",
            "OBJ_177"
         );
         name = "MxSwift";
         path = "Sources/MxSwift";
         sourceTree = "SOURCE_ROOT";
      };
      "OBJ_17" = {
         isa = "PBXFileReference";
         path = "CommonToken.swift";
         sourceTree = "<group>";
      };
      "OBJ_170" = {
         isa = "PBXGroup";
         children = (
            "OBJ_171",
            "OBJ_172",
            "OBJ_173",
            "OBJ_174",
            "OBJ_175",
            "OBJ_176"
         );
         name = "Frontend";
         path = "Frontend";
         sourceTree = "<group>";
      };
      "OBJ_171" = {
         isa = "PBXFileReference";
         path = "CompilationError.swift";
         sourceTree = "<group>";
      };
      "OBJ_172" = {
         isa = "PBXFileReference";
         path = "GlobalScope.swift";
         sourceTree = "<group>";
      };
      "OBJ_173" = {
         isa = "PBXFileReference";
         path = "LocalScope.swift";
         sourceTree = "<group>";
      };
      "OBJ_174" = {
         isa = "PBXFileReference";
         path = "Scope.swift";
         sourceTree = "<group>";
      };
      "OBJ_175" = {
         isa = "PBXFileReference";
         path = "Symbol.swift";
         sourceTree = "<group>";
      };
      "OBJ_176" = {
         isa = "PBXFileReference";
         path = "SymbolTableBuilder.swift";
         sourceTree = "<group>";
      };
      "OBJ_177" = {
         isa = "PBXFileReference";
         path = "main.swift";
         sourceTree = "<group>";
      };
      "OBJ_178" = {
         isa = "PBXGroup";
         children = (
            "OBJ_179",
            "OBJ_180",
            "OBJ_181",
            "OBJ_182",
            "OBJ_183",
            "OBJ_184",
            "OBJ_185",
            "OBJ_186",
            "OBJ_187",
            "OBJ_188",
            "OBJ_189"
         );
         name = "Parser";
         path = "Sources/Parser";
         sourceTree = "SOURCE_ROOT";
      };
      "OBJ_179" = {
         isa = "PBXFileReference";
         path = "Mxs.interp";
         sourceTree = "<group>";
      };
      "OBJ_18" = {
         isa = "PBXFileReference";
         path = "CommonTokenFactory.swift";
         sourceTree = "<group>";
      };
      "OBJ_180" = {
         isa = "PBXFileReference";
         path = "Mxs.g4";
         sourceTree = "<group>";
      };
      "OBJ_181" = {
         isa = "PBXFileReference";
         path = "MxsLexer.interp";
         sourceTree = "<group>";
      };
      "OBJ_182" = {
         isa = "PBXFileReference";
         path = "Mxs.tokens";
         sourceTree = "<group>";
      };
      "OBJ_183" = {
         isa = "PBXFileReference";
         path = "MxsLexer.tokens";
         sourceTree = "<group>";
      };
      "OBJ_184" = {
         isa = "PBXFileReference";
         path = "MxsBaseListener.swift";
         sourceTree = "<group>";
      };
      "OBJ_185" = {
         isa = "PBXFileReference";
         path = "MxsLexer.swift";
         sourceTree = "<group>";
      };
      "OBJ_186" = {
         isa = "PBXFileReference";
         path = "MxsLexerATN.swift";
         sourceTree = "<group>";
      };
      "OBJ_187" = {
         isa = "PBXFileReference";
         path = "MxsListener.swift";
         sourceTree = "<group>";
      };
      "OBJ_188" = {
         isa = "PBXFileReference";
         path = "MxsParser.swift";
         sourceTree = "<group>";
      };
      "OBJ_189" = {
         isa = "PBXFileReference";
         path = "MxsParserATN.swift";
         sourceTree = "<group>";
      };
      "OBJ_19" = {
         isa = "PBXFileReference";
         path = "CommonTokenStream.swift";
         sourceTree = "<group>";
      };
      "OBJ_190" = {
         isa = "PBXGroup";
         children = (
         );
         name = "Tests";
         path = "";
         sourceTree = "SOURCE_ROOT";
      };
      "OBJ_191" = {
         isa = "PBXGroup";
         children = (
            "MxSwift::MxSwift::Product",
            "MxSwift::Parser::Product",
            "MxSwift::Antlr4::Product"
         );
         name = "Products";
         path = "";
         sourceTree = "BUILT_PRODUCTS_DIR";
      };
      "OBJ_195" = {
         isa = "PBXFileReference";
         path = "boot.py";
         sourceTree = "<group>";
      };
      "OBJ_197" = {
         isa = "XCConfigurationList";
         buildConfigurations = (
            "OBJ_198",
            "OBJ_199"
         );
         defaultConfigurationIsVisible = "0";
         defaultConfigurationName = "Release";
      };
      "OBJ_198" = {
         isa = "XCBuildConfiguration";
         buildSettings = {
            ENABLE_TESTABILITY = "YES";
            FRAMEWORK_SEARCH_PATHS = (
               "$(inherited)",
               "$(PLATFORM_DIR)/Developer/Library/Frameworks"
            );
            HEADER_SEARCH_PATHS = (
               "$(inherited)"
            );
            INFOPLIST_FILE = "MxSwift.xcodeproj/Antlr4_Info.plist";
            LD_RUNPATH_SEARCH_PATHS = (
               "$(inherited)",
               "$(TOOLCHAIN_DIR)/usr/lib/swift/macosx"
            );
            OTHER_CFLAGS = (
               "$(inherited)"
            );
            OTHER_LDFLAGS = (
               "$(inherited)"
            );
            OTHER_SWIFT_FLAGS = (
               "$(inherited)"
            );
            PRODUCT_BUNDLE_IDENTIFIER = "Antlr4";
            PRODUCT_MODULE_NAME = "$(TARGET_NAME:c99extidentifier)";
            PRODUCT_NAME = "$(TARGET_NAME:c99extidentifier)";
            SKIP_INSTALL = "YES";
            SWIFT_ACTIVE_COMPILATION_CONDITIONS = (
               "$(inherited)"
            );
            SWIFT_VERSION = "4.0";
            TARGET_NAME = "Antlr4";
         };
         name = "Debug";
      };
      "OBJ_199" = {
         isa = "XCBuildConfiguration";
         buildSettings = {
            ENABLE_TESTABILITY = "YES";
            FRAMEWORK_SEARCH_PATHS = (
               "$(inherited)",
               "$(PLATFORM_DIR)/Developer/Library/Frameworks"
            );
            HEADER_SEARCH_PATHS = (
               "$(inherited)"
            );
            INFOPLIST_FILE = "MxSwift.xcodeproj/Antlr4_Info.plist";
            LD_RUNPATH_SEARCH_PATHS = (
               "$(inherited)",
               "$(TOOLCHAIN_DIR)/usr/lib/swift/macosx"
            );
            OTHER_CFLAGS = (
               "$(inherited)"
            );
            OTHER_LDFLAGS = (
               "$(inherited)"
            );
            OTHER_SWIFT_FLAGS = (
               "$(inherited)"
            );
            PRODUCT_BUNDLE_IDENTIFIER = "Antlr4";
            PRODUCT_MODULE_NAME = "$(TARGET_NAME:c99extidentifier)";
            PRODUCT_NAME = "$(TARGET_NAME:c99extidentifier)";
            SKIP_INSTALL = "YES";
            SWIFT_ACTIVE_COMPILATION_CONDITIONS = (
               "$(inherited)"
            );
            SWIFT_VERSION = "4.0";
            TARGET_NAME = "Antlr4";
         };
         name = "Release";
      };
      "OBJ_2" = {
         isa = "XCConfigurationList";
         buildConfigurations = (
            "OBJ_3",
            "OBJ_4"
         );
         defaultConfigurationIsVisible = "0";
         defaultConfigurationName = "Release";
      };
      "OBJ_20" = {
         isa = "PBXFileReference";
         path = "ConsoleErrorListener.swift";
         sourceTree = "<group>";
      };
      "OBJ_200" = {
         isa = "PBXSourcesBuildPhase";
         files = (
            "OBJ_201",
            "OBJ_202",
            "OBJ_203",
            "OBJ_204",
            "OBJ_205",
            "OBJ_206",
            "OBJ_207",
            "OBJ_208",
            "OBJ_209",
            "OBJ_210",
            "OBJ_211",
            "OBJ_212",
            "OBJ_213",
            "OBJ_214",
            "OBJ_215",
            "OBJ_216",
            "OBJ_217",
            "OBJ_218",
            "OBJ_219",
            "OBJ_220",
            "OBJ_221",
            "OBJ_222",
            "OBJ_223",
            "OBJ_224",
            "OBJ_225",
            "OBJ_226",
            "OBJ_227",
            "OBJ_228",
            "OBJ_229",
            "OBJ_230",
            "OBJ_231",
            "OBJ_232",
            "OBJ_233",
            "OBJ_234",
            "OBJ_235",
            "OBJ_236",
            "OBJ_237",
            "OBJ_238",
            "OBJ_239",
            "OBJ_240",
            "OBJ_241",
            "OBJ_242",
            "OBJ_243",
            "OBJ_244",
            "OBJ_245",
            "OBJ_246",
            "OBJ_247",
            "OBJ_248",
            "OBJ_249",
            "OBJ_250",
            "OBJ_251",
            "OBJ_252",
            "OBJ_253",
            "OBJ_254",
            "OBJ_255",
            "OBJ_256",
            "OBJ_257",
            "OBJ_258",
            "OBJ_259",
            "OBJ_260",
            "OBJ_261",
            "OBJ_262",
            "OBJ_263",
            "OBJ_264",
            "OBJ_265",
            "OBJ_266",
            "OBJ_267",
            "OBJ_268",
            "OBJ_269",
            "OBJ_270",
            "OBJ_271",
            "OBJ_272",
            "OBJ_273",
            "OBJ_274",
            "OBJ_275",
            "OBJ_276",
            "OBJ_277",
            "OBJ_278",
            "OBJ_279",
            "OBJ_280",
            "OBJ_281",
            "OBJ_282",
            "OBJ_283",
            "OBJ_284",
            "OBJ_285",
            "OBJ_286",
            "OBJ_287",
            "OBJ_288",
            "OBJ_289",
            "OBJ_290",
            "OBJ_291",
            "OBJ_292",
            "OBJ_293",
            "OBJ_294",
            "OBJ_295",
            "OBJ_296",
            "OBJ_297",
            "OBJ_298",
            "OBJ_299",
            "OBJ_300",
            "OBJ_301",
            "OBJ_302",
            "OBJ_303",
            "OBJ_304",
            "OBJ_305",
            "OBJ_306",
            "OBJ_307",
            "OBJ_308",
            "OBJ_309",
            "OBJ_310",
            "OBJ_311",
            "OBJ_312",
            "OBJ_313",
            "OBJ_314",
            "OBJ_315",
            "OBJ_316",
            "OBJ_317",
            "OBJ_318",
            "OBJ_319",
            "OBJ_320",
            "OBJ_321",
            "OBJ_322",
            "OBJ_323",
            "OBJ_324",
            "OBJ_325",
            "OBJ_326",
            "OBJ_327",
            "OBJ_328",
            "OBJ_329",
            "OBJ_330",
            "OBJ_331",
            "OBJ_332",
            "OBJ_333",
            "OBJ_334",
            "OBJ_335",
            "OBJ_336",
            "OBJ_337",
            "OBJ_338",
            "OBJ_339",
            "OBJ_340",
            "OBJ_341",
            "OBJ_342",
            "OBJ_343",
            "OBJ_344",
            "OBJ_345",
            "OBJ_346",
            "OBJ_347",
            "OBJ_348",
            "OBJ_349",
            "OBJ_350",
            "OBJ_351",
            "OBJ_352"
         );
      };
      "OBJ_201" = {
         isa = "PBXBuildFile";
         fileRef = "OBJ_9";
      };
      "OBJ_202" = {
         isa = "PBXBuildFile";
         fileRef = "OBJ_10";
      };
      "OBJ_203" = {
         isa = "PBXBuildFile";
         fileRef = "OBJ_11";
      };
      "OBJ_204" = {
         isa = "PBXBuildFile";
         fileRef = "OBJ_12";
      };
      "OBJ_205" = {
         isa = "PBXBuildFile";
         fileRef = "OBJ_13";
      };
      "OBJ_206" = {
         isa = "PBXBuildFile";
         fileRef = "OBJ_14";
      };
      "OBJ_207" = {
         isa = "PBXBuildFile";
         fileRef = "OBJ_15";
      };
      "OBJ_208" = {
         isa = "PBXBuildFile";
         fileRef = "OBJ_16";
      };
      "OBJ_209" = {
         isa = "PBXBuildFile";
         fileRef = "OBJ_17";
      };
      "OBJ_21" = {
         isa = "PBXFileReference";
         path = "DefaultErrorStrategy.swift";
         sourceTree = "<group>";
      };
      "OBJ_210" = {
         isa = "PBXBuildFile";
         fileRef = "OBJ_18";
      };
      "OBJ_211" = {
         isa = "PBXBuildFile";
         fileRef = "OBJ_19";
      };
      "OBJ_212" = {
         isa = "PBXBuildFile";
         fileRef = "OBJ_20";
      };
      "OBJ_213" = {
         isa = "PBXBuildFile";
         fileRef = "OBJ_21";
      };
      "OBJ_214" = {
         isa = "PBXBuildFile";
         fileRef = "OBJ_22";
      };
      "OBJ_215" = {
         isa = "PBXBuildFile";
         fileRef = "OBJ_23";
      };
      "OBJ_216" = {
         isa = "PBXBuildFile";
         fileRef = "OBJ_24";
      };
      "OBJ_217" = {
         isa = "PBXBuildFile";
         fileRef = "OBJ_25";
      };
      "OBJ_218" = {
         isa = "PBXBuildFile";
         fileRef = "OBJ_26";
      };
      "OBJ_219" = {
         isa = "PBXBuildFile";
         fileRef = "OBJ_27";
      };
      "OBJ_22" = {
         isa = "PBXFileReference";
         path = "DiagnosticErrorListener.swift";
         sourceTree = "<group>";
      };
      "OBJ_220" = {
         isa = "PBXBuildFile";
         fileRef = "OBJ_28";
      };
      "OBJ_221" = {
         isa = "PBXBuildFile";
         fileRef = "OBJ_29";
      };
      "OBJ_222" = {
         isa = "PBXBuildFile";
         fileRef = "OBJ_30";
      };
      "OBJ_223" = {
         isa = "PBXBuildFile";
         fileRef = "OBJ_31";
      };
      "OBJ_224" = {
         isa = "PBXBuildFile";
         fileRef = "OBJ_32";
      };
      "OBJ_225" = {
         isa = "PBXBuildFile";
         fileRef = "OBJ_33";
      };
      "OBJ_226" = {
         isa = "PBXBuildFile";
         fileRef = "OBJ_34";
      };
      "OBJ_227" = {
         isa = "PBXBuildFile";
         fileRef = "OBJ_35";
      };
      "OBJ_228" = {
         isa = "PBXBuildFile";
         fileRef = "OBJ_36";
      };
      "OBJ_229" = {
         isa = "PBXBuildFile";
         fileRef = "OBJ_37";
      };
      "OBJ_23" = {
         isa = "PBXFileReference";
         path = "FailedPredicateException.swift";
         sourceTree = "<group>";
      };
      "OBJ_230" = {
         isa = "PBXBuildFile";
         fileRef = "OBJ_38";
      };
      "OBJ_231" = {
         isa = "PBXBuildFile";
         fileRef = "OBJ_39";
      };
      "OBJ_232" = {
         isa = "PBXBuildFile";
         fileRef = "OBJ_40";
      };
      "OBJ_233" = {
         isa = "PBXBuildFile";
         fileRef = "OBJ_41";
      };
      "OBJ_234" = {
         isa = "PBXBuildFile";
         fileRef = "OBJ_42";
      };
      "OBJ_235" = {
         isa = "PBXBuildFile";
         fileRef = "OBJ_43";
      };
      "OBJ_236" = {
         isa = "PBXBuildFile";
         fileRef = "OBJ_44";
      };
      "OBJ_237" = {
         isa = "PBXBuildFile";
         fileRef = "OBJ_45";
      };
      "OBJ_238" = {
         isa = "PBXBuildFile";
         fileRef = "OBJ_46";
      };
      "OBJ_239" = {
         isa = "PBXBuildFile";
         fileRef = "OBJ_47";
      };
      "OBJ_24" = {
         isa = "PBXFileReference";
         path = "InputMismatchException.swift";
         sourceTree = "<group>";
      };
      "OBJ_240" = {
         isa = "PBXBuildFile";
         fileRef = "OBJ_48";
      };
      "OBJ_241" = {
         isa = "PBXBuildFile";
         fileRef = "OBJ_50";
      };
      "OBJ_242" = {
         isa = "PBXBuildFile";
         fileRef = "OBJ_51";
      };
      "OBJ_243" = {
         isa = "PBXBuildFile";
         fileRef = "OBJ_52";
      };
      "OBJ_244" = {
         isa = "PBXBuildFile";
         fileRef = "OBJ_53";
      };
      "OBJ_245" = {
         isa = "PBXBuildFile";
         fileRef = "OBJ_54";
      };
      "OBJ_246" = {
         isa = "PBXBuildFile";
         fileRef = "OBJ_55";
      };
      "OBJ_247" = {
         isa = "PBXBuildFile";
         fileRef = "OBJ_56";
      };
      "OBJ_248" = {
         isa = "PBXBuildFile";
         fileRef = "OBJ_57";
      };
      "OBJ_249" = {
         isa = "PBXBuildFile";
         fileRef = "OBJ_58";
      };
      "OBJ_25" = {
         isa = "PBXFileReference";
         path = "IntStream.swift";
         sourceTree = "<group>";
      };
      "OBJ_250" = {
         isa = "PBXBuildFile";
         fileRef = "OBJ_59";
      };
      "OBJ_251" = {
         isa = "PBXBuildFile";
         fileRef = "OBJ_60";
      };
      "OBJ_252" = {
         isa = "PBXBuildFile";
         fileRef = "OBJ_61";
      };
      "OBJ_253" = {
         isa = "PBXBuildFile";
         fileRef = "OBJ_62";
      };
      "OBJ_254" = {
         isa = "PBXBuildFile";
         fileRef = "OBJ_63";
      };
      "OBJ_255" = {
         isa = "PBXBuildFile";
         fileRef = "OBJ_64";
      };
      "OBJ_256" = {
         isa = "PBXBuildFile";
         fileRef = "OBJ_65";
      };
      "OBJ_257" = {
         isa = "PBXBuildFile";
         fileRef = "OBJ_66";
      };
      "OBJ_258" = {
         isa = "PBXBuildFile";
         fileRef = "OBJ_67";
      };
      "OBJ_259" = {
         isa = "PBXBuildFile";
         fileRef = "OBJ_68";
      };
      "OBJ_26" = {
         isa = "PBXFileReference";
         path = "InterpreterRuleContext.swift";
         sourceTree = "<group>";
      };
      "OBJ_260" = {
         isa = "PBXBuildFile";
         fileRef = "OBJ_69";
      };
      "OBJ_261" = {
         isa = "PBXBuildFile";
         fileRef = "OBJ_70";
      };
      "OBJ_262" = {
         isa = "PBXBuildFile";
         fileRef = "OBJ_71";
      };
      "OBJ_263" = {
         isa = "PBXBuildFile";
         fileRef = "OBJ_72";
      };
      "OBJ_264" = {
         isa = "PBXBuildFile";
         fileRef = "OBJ_73";
      };
      "OBJ_265" = {
         isa = "PBXBuildFile";
         fileRef = "OBJ_74";
      };
      "OBJ_266" = {
         isa = "PBXBuildFile";
         fileRef = "OBJ_75";
      };
      "OBJ_267" = {
         isa = "PBXBuildFile";
         fileRef = "OBJ_76";
      };
      "OBJ_268" = {
         isa = "PBXBuildFile";
         fileRef = "OBJ_77";
      };
      "OBJ_269" = {
         isa = "PBXBuildFile";
         fileRef = "OBJ_78";
      };
      "OBJ_27" = {
         isa = "PBXFileReference";
         path = "Lexer.swift";
         sourceTree = "<group>";
      };
      "OBJ_270" = {
         isa = "PBXBuildFile";
         fileRef = "OBJ_79";
      };
      "OBJ_271" = {
         isa = "PBXBuildFile";
         fileRef = "OBJ_80";
      };
      "OBJ_272" = {
         isa = "PBXBuildFile";
         fileRef = "OBJ_81";
      };
      "OBJ_273" = {
         isa = "PBXBuildFile";
         fileRef = "OBJ_82";
      };
      "OBJ_274" = {
         isa = "PBXBuildFile";
         fileRef = "OBJ_83";
      };
      "OBJ_275" = {
         isa = "PBXBuildFile";
         fileRef = "OBJ_84";
      };
      "OBJ_276" = {
         isa = "PBXBuildFile";
         fileRef = "OBJ_85";
      };
      "OBJ_277" = {
         isa = "PBXBuildFile";
         fileRef = "OBJ_86";
      };
      "OBJ_278" = {
         isa = "PBXBuildFile";
         fileRef = "OBJ_87";
      };
      "OBJ_279" = {
         isa = "PBXBuildFile";
         fileRef = "OBJ_88";
      };
      "OBJ_28" = {
         isa = "PBXFileReference";
         path = "LexerInterpreter.swift";
         sourceTree = "<group>";
      };
      "OBJ_280" = {
         isa = "PBXBuildFile";
         fileRef = "OBJ_89";
      };
      "OBJ_281" = {
         isa = "PBXBuildFile";
         fileRef = "OBJ_90";
      };
      "OBJ_282" = {
         isa = "PBXBuildFile";
         fileRef = "OBJ_91";
      };
      "OBJ_283" = {
         isa = "PBXBuildFile";
         fileRef = "OBJ_92";
      };
      "OBJ_284" = {
         isa = "PBXBuildFile";
         fileRef = "OBJ_93";
      };
      "OBJ_285" = {
         isa = "PBXBuildFile";
         fileRef = "OBJ_94";
      };
      "OBJ_286" = {
         isa = "PBXBuildFile";
         fileRef = "OBJ_95";
      };
      "OBJ_287" = {
         isa = "PBXBuildFile";
         fileRef = "OBJ_96";
      };
      "OBJ_288" = {
         isa = "PBXBuildFile";
         fileRef = "OBJ_97";
      };
      "OBJ_289" = {
         isa = "PBXBuildFile";
         fileRef = "OBJ_98";
      };
      "OBJ_29" = {
         isa = "PBXFileReference";
         path = "LexerNoViableAltException.swift";
         sourceTree = "<group>";
      };
      "OBJ_290" = {
         isa = "PBXBuildFile";
         fileRef = "OBJ_99";
      };
      "OBJ_291" = {
         isa = "PBXBuildFile";
         fileRef = "OBJ_100";
      };
      "OBJ_292" = {
         isa = "PBXBuildFile";
         fileRef = "OBJ_101";
      };
      "OBJ_293" = {
         isa = "PBXBuildFile";
         fileRef = "OBJ_102";
      };
      "OBJ_294" = {
         isa = "PBXBuildFile";
         fileRef = "OBJ_103";
      };
      "OBJ_295" = {
         isa = "PBXBuildFile";
         fileRef = "OBJ_104";
      };
      "OBJ_296" = {
         isa = "PBXBuildFile";
         fileRef = "OBJ_105";
      };
      "OBJ_297" = {
         isa = "PBXBuildFile";
         fileRef = "OBJ_106";
      };
      "OBJ_298" = {
         isa = "PBXBuildFile";
         fileRef = "OBJ_107";
      };
      "OBJ_299" = {
         isa = "PBXBuildFile";
         fileRef = "OBJ_108";
      };
      "OBJ_3" = {
         isa = "XCBuildConfiguration";
         buildSettings = {
            CLANG_ENABLE_OBJC_ARC = "YES";
            COMBINE_HIDPI_IMAGES = "YES";
            COPY_PHASE_STRIP = "NO";
            DEBUG_INFORMATION_FORMAT = "dwarf";
            DYLIB_INSTALL_NAME_BASE = "@rpath";
            ENABLE_NS_ASSERTIONS = "YES";
            GCC_OPTIMIZATION_LEVEL = "0";
            GCC_PREPROCESSOR_DEFINITIONS = (
               "$(inherited)",
               "SWIFT_PACKAGE=1",
               "DEBUG=1"
            );
            MACOSX_DEPLOYMENT_TARGET = "10.10";
            ONLY_ACTIVE_ARCH = "YES";
            OTHER_SWIFT_FLAGS = (
               "$(inherited)",
               "-DXcode"
            );
            PRODUCT_NAME = "$(TARGET_NAME)";
            SDKROOT = "macosx";
            SUPPORTED_PLATFORMS = (
               "macosx",
               "iphoneos",
               "iphonesimulator",
               "appletvos",
               "appletvsimulator",
               "watchos",
               "watchsimulator"
            );
            SWIFT_ACTIVE_COMPILATION_CONDITIONS = (
               "$(inherited)",
               "SWIFT_PACKAGE",
               "DEBUG"
            );
            SWIFT_OPTIMIZATION_LEVEL = "-Onone";
            USE_HEADERMAP = "NO";
         };
         name = "Debug";
      };
      "OBJ_30" = {
         isa = "PBXFileReference";
         path = "ListTokenSource.swift";
         sourceTree = "<group>";
      };
      "OBJ_300" = {
         isa = "PBXBuildFile";
         fileRef = "OBJ_109";
      };
      "OBJ_301" = {
         isa = "PBXBuildFile";
         fileRef = "OBJ_110";
      };
      "OBJ_302" = {
         isa = "PBXBuildFile";
         fileRef = "OBJ_111";
      };
      "OBJ_303" = {
         isa = "PBXBuildFile";
         fileRef = "OBJ_112";
      };
      "OBJ_304" = {
         isa = "PBXBuildFile";
         fileRef = "OBJ_113";
      };
      "OBJ_305" = {
         isa = "PBXBuildFile";
         fileRef = "OBJ_114";
      };
      "OBJ_306" = {
         isa = "PBXBuildFile";
         fileRef = "OBJ_115";
      };
      "OBJ_307" = {
         isa = "PBXBuildFile";
         fileRef = "OBJ_116";
      };
      "OBJ_308" = {
         isa = "PBXBuildFile";
         fileRef = "OBJ_117";
      };
      "OBJ_309" = {
         isa = "PBXBuildFile";
         fileRef = "OBJ_118";
      };
      "OBJ_31" = {
         isa = "PBXFileReference";
         path = "NoViableAltException.swift";
         sourceTree = "<group>";
      };
      "OBJ_310" = {
         isa = "PBXBuildFile";
         fileRef = "OBJ_120";
      };
      "OBJ_311" = {
         isa = "PBXBuildFile";
         fileRef = "OBJ_121";
      };
      "OBJ_312" = {
         isa = "PBXBuildFile";
         fileRef = "OBJ_122";
      };
      "OBJ_313" = {
         isa = "PBXBuildFile";
         fileRef = "OBJ_123";
      };
      "OBJ_314" = {
         isa = "PBXBuildFile";
         fileRef = "OBJ_125";
      };
      "OBJ_315" = {
         isa = "PBXBuildFile";
         fileRef = "OBJ_126";
      };
      "OBJ_316" = {
         isa = "PBXBuildFile";
         fileRef = "OBJ_127";
      };
      "OBJ_317" = {
         isa = "PBXBuildFile";
         fileRef = "OBJ_128";
      };
      "OBJ_318" = {
         isa = "PBXBuildFile";
         fileRef = "OBJ_129";
      };
      "OBJ_319" = {
         isa = "PBXBuildFile";
         fileRef = "OBJ_130";
      };
      "OBJ_32" = {
         isa = "PBXFileReference";
         path = "Parser.swift";
         sourceTree = "<group>";
      };
      "OBJ_320" = {
         isa = "PBXBuildFile";
         fileRef = "OBJ_131";
      };
      "OBJ_321" = {
         isa = "PBXBuildFile";
         fileRef = "OBJ_132";
      };
      "OBJ_322" = {
         isa = "PBXBuildFile";
         fileRef = "OBJ_134";
      };
      "OBJ_323" = {
         isa = "PBXBuildFile";
         fileRef = "OBJ_135";
      };
      "OBJ_324" = {
         isa = "PBXBuildFile";
         fileRef = "OBJ_137";
      };
      "OBJ_325" = {
         isa = "PBXBuildFile";
         fileRef = "OBJ_138";
      };
      "OBJ_326" = {
         isa = "PBXBuildFile";
         fileRef = "OBJ_139";
      };
      "OBJ_327" = {
         isa = "PBXBuildFile";
         fileRef = "OBJ_140";
      };
      "OBJ_328" = {
         isa = "PBXBuildFile";
         fileRef = "OBJ_141";
      };
      "OBJ_329" = {
         isa = "PBXBuildFile";
         fileRef = "OBJ_142";
      };
      "OBJ_33" = {
         isa = "PBXFileReference";
         path = "ParserInterpreter.swift";
         sourceTree = "<group>";
      };
      "OBJ_330" = {
         isa = "PBXBuildFile";
         fileRef = "OBJ_144";
      };
      "OBJ_331" = {
         isa = "PBXBuildFile";
         fileRef = "OBJ_145";
      };
      "OBJ_332" = {
         isa = "PBXBuildFile";
         fileRef = "OBJ_146";
      };
      "OBJ_333" = {
         isa = "PBXBuildFile";
         fileRef = "OBJ_148";
      };
      "OBJ_334" = {
         isa = "PBXBuildFile";
         fileRef = "OBJ_149";
      };
      "OBJ_335" = {
         isa = "PBXBuildFile";
         fileRef = "OBJ_150";
      };
      "OBJ_336" = {
         isa = "PBXBuildFile";
         fileRef = "OBJ_151";
      };
      "OBJ_337" = {
         isa = "PBXBuildFile";
         fileRef = "OBJ_152";
      };
      "OBJ_338" = {
         isa = "PBXBuildFile";
         fileRef = "OBJ_153";
      };
      "OBJ_339" = {
         isa = "PBXBuildFile";
         fileRef = "OBJ_154";
      };
      "OBJ_34" = {
         isa = "PBXFileReference";
         path = "ParserRuleContext.swift";
         sourceTree = "<group>";
      };
      "OBJ_340" = {
         isa = "PBXBuildFile";
         fileRef = "OBJ_155";
      };
      "OBJ_341" = {
         isa = "PBXBuildFile";
         fileRef = "OBJ_156";
      };
      "OBJ_342" = {
         isa = "PBXBuildFile";
         fileRef = "OBJ_157";
      };
      "OBJ_343" = {
         isa = "PBXBuildFile";
         fileRef = "OBJ_158";
      };
      "OBJ_344" = {
         isa = "PBXBuildFile";
         fileRef = "OBJ_159";
      };
      "OBJ_345" = {
         isa = "PBXBuildFile";
         fileRef = "OBJ_161";
      };
      "OBJ_346" = {
         isa = "PBXBuildFile";
         fileRef = "OBJ_162";
      };
      "OBJ_347" = {
         isa = "PBXBuildFile";
         fileRef = "OBJ_163";
      };
      "OBJ_348" = {
         isa = "PBXBuildFile";
         fileRef = "OBJ_164";
      };
      "OBJ_349" = {
         isa = "PBXBuildFile";
         fileRef = "OBJ_165";
      };
      "OBJ_35" = {
         isa = "PBXFileReference";
         path = "ProxyErrorListener.swift";
         sourceTree = "<group>";
      };
      "OBJ_350" = {
         isa = "PBXBuildFile";
         fileRef = "OBJ_166";
      };
      "OBJ_351" = {
         isa = "PBXBuildFile";
         fileRef = "OBJ_167";
      };
      "OBJ_352" = {
         isa = "PBXBuildFile";
         fileRef = "OBJ_168";
      };
      "OBJ_353" = {
         isa = "PBXFrameworksBuildPhase";
         files = (
         );
      };
      "OBJ_355" = {
         isa = "XCConfigurationList";
         buildConfigurations = (
            "OBJ_356",
            "OBJ_357"
         );
         defaultConfigurationIsVisible = "0";
         defaultConfigurationName = "Release";
      };
      "OBJ_356" = {
         isa = "XCBuildConfiguration";
         buildSettings = {
            FRAMEWORK_SEARCH_PATHS = (
               "$(inherited)",
               "$(PLATFORM_DIR)/Developer/Library/Frameworks"
            );
            HEADER_SEARCH_PATHS = (
               "$(inherited)"
            );
            INFOPLIST_FILE = "MxSwift.xcodeproj/MxSwift_Info.plist";
            LD_RUNPATH_SEARCH_PATHS = (
               "$(inherited)",
               "$(TOOLCHAIN_DIR)/usr/lib/swift/macosx",
               "@executable_path"
            );
            OTHER_CFLAGS = (
               "$(inherited)"
            );
            OTHER_LDFLAGS = (
               "$(inherited)"
            );
            OTHER_SWIFT_FLAGS = (
               "$(inherited)"
            );
            SWIFT_ACTIVE_COMPILATION_CONDITIONS = (
               "$(inherited)"
            );
            SWIFT_FORCE_DYNAMIC_LINK_STDLIB = "YES";
            SWIFT_FORCE_STATIC_LINK_STDLIB = "NO";
            SWIFT_VERSION = "4.0";
            TARGET_NAME = "MxSwift";
         };
         name = "Debug";
      };
      "OBJ_357" = {
         isa = "XCBuildConfiguration";
         buildSettings = {
            FRAMEWORK_SEARCH_PATHS = (
               "$(inherited)",
               "$(PLATFORM_DIR)/Developer/Library/Frameworks"
            );
            HEADER_SEARCH_PATHS = (
               "$(inherited)"
            );
            INFOPLIST_FILE = "MxSwift.xcodeproj/MxSwift_Info.plist";
            LD_RUNPATH_SEARCH_PATHS = (
               "$(inherited)",
               "$(TOOLCHAIN_DIR)/usr/lib/swift/macosx",
               "@executable_path"
            );
            OTHER_CFLAGS = (
               "$(inherited)"
            );
            OTHER_LDFLAGS = (
               "$(inherited)"
            );
            OTHER_SWIFT_FLAGS = (
               "$(inherited)"
            );
            SWIFT_ACTIVE_COMPILATION_CONDITIONS = (
               "$(inherited)"
            );
            SWIFT_FORCE_DYNAMIC_LINK_STDLIB = "YES";
            SWIFT_FORCE_STATIC_LINK_STDLIB = "NO";
            SWIFT_VERSION = "4.0";
            TARGET_NAME = "MxSwift";
         };
         name = "Release";
      };
      "OBJ_358" = {
         isa = "PBXSourcesBuildPhase";
         files = (
            "OBJ_359",
            "OBJ_360",
            "OBJ_361",
            "OBJ_362",
            "OBJ_363",
            "OBJ_364",
            "OBJ_365"
         );
      };
      "OBJ_359" = {
         isa = "PBXBuildFile";
         fileRef = "OBJ_171";
      };
      "OBJ_36" = {
         isa = "PBXFileReference";
         path = "RecognitionException.swift";
         sourceTree = "<group>";
      };
      "OBJ_360" = {
         isa = "PBXBuildFile";
         fileRef = "OBJ_172";
      };
      "OBJ_361" = {
         isa = "PBXBuildFile";
         fileRef = "OBJ_173";
      };
      "OBJ_362" = {
         isa = "PBXBuildFile";
         fileRef = "OBJ_174";
      };
      "OBJ_363" = {
         isa = "PBXBuildFile";
         fileRef = "OBJ_175";
      };
      "OBJ_364" = {
         isa = "PBXBuildFile";
         fileRef = "OBJ_176";
      };
      "OBJ_365" = {
         isa = "PBXBuildFile";
         fileRef = "OBJ_177";
      };
      "OBJ_366" = {
         isa = "PBXFrameworksBuildPhase";
         files = (
            "OBJ_367",
            "OBJ_368"
         );
      };
      "OBJ_367" = {
         isa = "PBXBuildFile";
         fileRef = "MxSwift::Parser::Product";
      };
      "OBJ_368" = {
         isa = "PBXBuildFile";
         fileRef = "MxSwift::Antlr4::Product";
      };
      "OBJ_369" = {
         isa = "PBXTargetDependency";
         target = "MxSwift::Parser";
      };
      "OBJ_37" = {
         isa = "PBXFileReference";
         path = "Recognizer.swift";
         sourceTree = "<group>";
      };
      "OBJ_371" = {
         isa = "PBXTargetDependency";
         target = "MxSwift::Antlr4";
      };
      "OBJ_373" = {
         isa = "XCConfigurationList";
         buildConfigurations = (
            "OBJ_374",
            "OBJ_375"
         );
         defaultConfigurationIsVisible = "0";
         defaultConfigurationName = "Release";
      };
      "OBJ_374" = {
         isa = "XCBuildConfiguration";
         buildSettings = {
            LD = "/usr/bin/true";
            OTHER_SWIFT_FLAGS = (
               "-swift-version",
               "4",
               "-I",
               "$(TOOLCHAIN_DIR)/usr/lib/swift/pm/4",
               "-target",
               "x86_64-apple-macosx10.10",
               "-sdk",
               "/Applications/Xcode.app/Contents/Developer/Platforms/MacOSX.platform/Developer/SDKs/MacOSX10.15.sdk",
               "-package-description-version",
               "4"
            );
            SWIFT_VERSION = "4.0";
         };
         name = "Debug";
      };
      "OBJ_375" = {
         isa = "XCBuildConfiguration";
         buildSettings = {
            LD = "/usr/bin/true";
            OTHER_SWIFT_FLAGS = (
               "-swift-version",
               "4",
               "-I",
               "$(TOOLCHAIN_DIR)/usr/lib/swift/pm/4",
               "-target",
               "x86_64-apple-macosx10.10",
               "-sdk",
               "/Applications/Xcode.app/Contents/Developer/Platforms/MacOSX.platform/Developer/SDKs/MacOSX10.15.sdk",
               "-package-description-version",
               "4"
            );
            SWIFT_VERSION = "4.0";
         };
         name = "Release";
      };
      "OBJ_376" = {
         isa = "PBXSourcesBuildPhase";
         files = (
            "OBJ_377"
         );
      };
      "OBJ_377" = {
         isa = "PBXBuildFile";
         fileRef = "OBJ_6";
      };
      "OBJ_378" = {
         isa = "XCConfigurationList";
         buildConfigurations = (
            "OBJ_379",
            "OBJ_380"
         );
         defaultConfigurationIsVisible = "0";
         defaultConfigurationName = "Release";
      };
      "OBJ_379" = {
         isa = "XCBuildConfiguration";
         buildSettings = {
            ENABLE_TESTABILITY = "YES";
            FRAMEWORK_SEARCH_PATHS = (
               "$(inherited)",
               "$(PLATFORM_DIR)/Developer/Library/Frameworks"
            );
            HEADER_SEARCH_PATHS = (
               "$(inherited)"
            );
            INFOPLIST_FILE = "MxSwift.xcodeproj/Parser_Info.plist";
            LD_RUNPATH_SEARCH_PATHS = (
               "$(inherited)",
               "$(TOOLCHAIN_DIR)/usr/lib/swift/macosx"
            );
            OTHER_CFLAGS = (
               "$(inherited)"
            );
            OTHER_LDFLAGS = (
               "$(inherited)"
            );
            OTHER_SWIFT_FLAGS = (
               "$(inherited)"
            );
            PRODUCT_BUNDLE_IDENTIFIER = "Parser";
            PRODUCT_MODULE_NAME = "$(TARGET_NAME:c99extidentifier)";
            PRODUCT_NAME = "$(TARGET_NAME:c99extidentifier)";
            SKIP_INSTALL = "YES";
            SWIFT_ACTIVE_COMPILATION_CONDITIONS = (
               "$(inherited)"
            );
            SWIFT_VERSION = "4.0";
            TARGET_NAME = "Parser";
         };
         name = "Debug";
      };
      "OBJ_38" = {
         isa = "PBXFileReference";
         path = "RuleContext.swift";
         sourceTree = "<group>";
      };
      "OBJ_380" = {
         isa = "XCBuildConfiguration";
         buildSettings = {
            ENABLE_TESTABILITY = "YES";
            FRAMEWORK_SEARCH_PATHS = (
               "$(inherited)",
               "$(PLATFORM_DIR)/Developer/Library/Frameworks"
            );
            HEADER_SEARCH_PATHS = (
               "$(inherited)"
            );
            INFOPLIST_FILE = "MxSwift.xcodeproj/Parser_Info.plist";
            LD_RUNPATH_SEARCH_PATHS = (
               "$(inherited)",
               "$(TOOLCHAIN_DIR)/usr/lib/swift/macosx"
            );
            OTHER_CFLAGS = (
               "$(inherited)"
            );
            OTHER_LDFLAGS = (
               "$(inherited)"
            );
            OTHER_SWIFT_FLAGS = (
               "$(inherited)"
            );
            PRODUCT_BUNDLE_IDENTIFIER = "Parser";
            PRODUCT_MODULE_NAME = "$(TARGET_NAME:c99extidentifier)";
            PRODUCT_NAME = "$(TARGET_NAME:c99extidentifier)";
            SKIP_INSTALL = "YES";
            SWIFT_ACTIVE_COMPILATION_CONDITIONS = (
               "$(inherited)"
            );
            SWIFT_VERSION = "4.0";
            TARGET_NAME = "Parser";
         };
         name = "Release";
      };
      "OBJ_381" = {
         isa = "PBXSourcesBuildPhase";
         files = (
            "OBJ_382",
            "OBJ_383",
            "OBJ_384",
            "OBJ_385",
            "OBJ_386",
            "OBJ_387"
         );
      };
      "OBJ_382" = {
         isa = "PBXBuildFile";
         fileRef = "OBJ_184";
      };
      "OBJ_383" = {
         isa = "PBXBuildFile";
         fileRef = "OBJ_185";
      };
      "OBJ_384" = {
         isa = "PBXBuildFile";
         fileRef = "OBJ_186";
      };
      "OBJ_385" = {
         isa = "PBXBuildFile";
         fileRef = "OBJ_187";
      };
      "OBJ_386" = {
         isa = "PBXBuildFile";
         fileRef = "OBJ_188";
      };
      "OBJ_387" = {
         isa = "PBXBuildFile";
         fileRef = "OBJ_189";
      };
      "OBJ_388" = {
         isa = "PBXFrameworksBuildPhase";
         files = (
            "OBJ_389"
         );
      };
      "OBJ_389" = {
         isa = "PBXBuildFile";
         fileRef = "MxSwift::Antlr4::Product";
      };
      "OBJ_39" = {
         isa = "PBXFileReference";
         path = "RuntimeMetaData.swift";
         sourceTree = "<group>";
      };
      "OBJ_390" = {
         isa = "PBXTargetDependency";
         target = "MxSwift::Antlr4";
      };
      "OBJ_4" = {
         isa = "XCBuildConfiguration";
         buildSettings = {
            CLANG_ENABLE_OBJC_ARC = "YES";
            COMBINE_HIDPI_IMAGES = "YES";
            COPY_PHASE_STRIP = "YES";
            DEBUG_INFORMATION_FORMAT = "dwarf-with-dsym";
            DYLIB_INSTALL_NAME_BASE = "@rpath";
            GCC_OPTIMIZATION_LEVEL = "s";
            GCC_PREPROCESSOR_DEFINITIONS = (
               "$(inherited)",
               "SWIFT_PACKAGE=1"
            );
            MACOSX_DEPLOYMENT_TARGET = "10.10";
            OTHER_SWIFT_FLAGS = (
               "$(inherited)",
               "-DXcode"
            );
            PRODUCT_NAME = "$(TARGET_NAME)";
            SDKROOT = "macosx";
            SUPPORTED_PLATFORMS = (
               "macosx",
               "iphoneos",
               "iphonesimulator",
               "appletvos",
               "appletvsimulator",
               "watchos",
               "watchsimulator"
            );
            SWIFT_ACTIVE_COMPILATION_CONDITIONS = (
               "$(inherited)",
               "SWIFT_PACKAGE"
            );
            SWIFT_OPTIMIZATION_LEVEL = "-Owholemodule";
            USE_HEADERMAP = "NO";
         };
         name = "Release";
      };
      "OBJ_40" = {
         isa = "PBXFileReference";
         path = "Token.swift";
         sourceTree = "<group>";
      };
      "OBJ_41" = {
         isa = "PBXFileReference";
         path = "TokenFactory.swift";
         sourceTree = "<group>";
      };
      "OBJ_42" = {
         isa = "PBXFileReference";
         path = "TokenSource.swift";
         sourceTree = "<group>";
      };
      "OBJ_43" = {
         isa = "PBXFileReference";
         path = "TokenStream.swift";
         sourceTree = "<group>";
      };
      "OBJ_44" = {
         isa = "PBXFileReference";
         path = "TokenStreamRewriter.swift";
         sourceTree = "<group>";
      };
      "OBJ_45" = {
         isa = "PBXFileReference";
         path = "UnbufferedCharStream.swift";
         sourceTree = "<group>";
      };
      "OBJ_46" = {
         isa = "PBXFileReference";
         path = "UnbufferedTokenStream.swift";
         sourceTree = "<group>";
      };
      "OBJ_47" = {
         isa = "PBXFileReference";
         path = "VocabularySingle.swift";
         sourceTree = "<group>";
      };
      "OBJ_48" = {
         isa = "PBXFileReference";
         path = "WritableToken.swift";
         sourceTree = "<group>";
      };
      "OBJ_49" = {
         isa = "PBXGroup";
         children = (
            "OBJ_50",
            "OBJ_51",
            "OBJ_52",
            "OBJ_53",
            "OBJ_54",
            "OBJ_55",
            "OBJ_56",
            "OBJ_57",
            "OBJ_58",
            "OBJ_59",
            "OBJ_60",
            "OBJ_61",
            "OBJ_62",
            "OBJ_63",
            "OBJ_64",
            "OBJ_65",
            "OBJ_66",
            "OBJ_67",
            "OBJ_68",
            "OBJ_69",
            "OBJ_70",
            "OBJ_71",
            "OBJ_72",
            "OBJ_73",
            "OBJ_74",
            "OBJ_75",
            "OBJ_76",
            "OBJ_77",
            "OBJ_78",
            "OBJ_79",
            "OBJ_80",
            "OBJ_81",
            "OBJ_82",
            "OBJ_83",
            "OBJ_84",
            "OBJ_85",
            "OBJ_86",
            "OBJ_87",
            "OBJ_88",
            "OBJ_89",
            "OBJ_90",
            "OBJ_91",
            "OBJ_92",
            "OBJ_93",
            "OBJ_94",
            "OBJ_95",
            "OBJ_96",
            "OBJ_97",
            "OBJ_98",
            "OBJ_99",
            "OBJ_100",
            "OBJ_101",
            "OBJ_102",
            "OBJ_103",
            "OBJ_104",
            "OBJ_105",
            "OBJ_106",
            "OBJ_107",
            "OBJ_108",
            "OBJ_109",
            "OBJ_110",
            "OBJ_111",
            "OBJ_112",
            "OBJ_113",
            "OBJ_114",
            "OBJ_115",
            "OBJ_116",
            "OBJ_117",
            "OBJ_118"
         );
         name = "atn";
         path = "atn";
         sourceTree = "<group>";
      };
      "OBJ_5" = {
         isa = "PBXGroup";
         children = (
            "OBJ_6",
            "OBJ_7",
            "OBJ_190",
            "OBJ_191",
            "OBJ_195"
         );
         path = "";
         sourceTree = "<group>";
      };
      "OBJ_50" = {
         isa = "PBXFileReference";
         path = "ATN.swift";
         sourceTree = "<group>";
      };
      "OBJ_51" = {
         isa = "PBXFileReference";
         path = "ATNConfig.swift";
         sourceTree = "<group>";
      };
      "OBJ_52" = {
         isa = "PBXFileReference";
         path = "ATNConfigSet.swift";
         sourceTree = "<group>";
      };
      "OBJ_53" = {
         isa = "PBXFileReference";
         path = "ATNDeserializationOptions.swift";
         sourceTree = "<group>";
      };
      "OBJ_54" = {
         isa = "PBXFileReference";
         path = "ATNDeserializer.swift";
         sourceTree = "<group>";
      };
      "OBJ_55" = {
         isa = "PBXFileReference";
         path = "ATNSimulator.swift";
         sourceTree = "<group>";
      };
      "OBJ_56" = {
         isa = "PBXFileReference";
         path = "ATNState.swift";
         sourceTree = "<group>";
      };
      "OBJ_57" = {
         isa = "PBXFileReference";
         path = "ATNType.swift";
         sourceTree = "<group>";
      };
      "OBJ_58" = {
         isa = "PBXFileReference";
         path = "AbstractPredicateTransition.swift";
         sourceTree = "<group>";
      };
      "OBJ_59" = {
         isa = "PBXFileReference";
         path = "ActionTransition.swift";
         sourceTree = "<group>";
      };
      "OBJ_6" = {
         isa = "PBXFileReference";
         explicitFileType = "sourcecode.swift";
         path = "Package.swift";
         sourceTree = "<group>";
      };
      "OBJ_60" = {
         isa = "PBXFileReference";
         path = "AmbiguityInfo.swift";
         sourceTree = "<group>";
      };
      "OBJ_61" = {
         isa = "PBXFileReference";
         path = "ArrayPredictionContext.swift";
         sourceTree = "<group>";
      };
      "OBJ_62" = {
         isa = "PBXFileReference";
         path = "AtomTransition.swift";
         sourceTree = "<group>";
      };
      "OBJ_63" = {
         isa = "PBXFileReference";
         path = "BasicBlockStartState.swift";
         sourceTree = "<group>";
      };
      "OBJ_64" = {
         isa = "PBXFileReference";
         path = "BasicState.swift";
         sourceTree = "<group>";
      };
      "OBJ_65" = {
         isa = "PBXFileReference";
         path = "BlockEndState.swift";
         sourceTree = "<group>";
      };
      "OBJ_66" = {
         isa = "PBXFileReference";
         path = "BlockStartState.swift";
         sourceTree = "<group>";
      };
      "OBJ_67" = {
         isa = "PBXFileReference";
         path = "ContextSensitivityInfo.swift";
         sourceTree = "<group>";
      };
      "OBJ_68" = {
         isa = "PBXFileReference";
         path = "DecisionEventInfo.swift";
         sourceTree = "<group>";
      };
      "OBJ_69" = {
         isa = "PBXFileReference";
         path = "DecisionInfo.swift";
         sourceTree = "<group>";
      };
      "OBJ_7" = {
         isa = "PBXGroup";
         children = (
            "OBJ_8",
            "OBJ_169",
            "OBJ_178"
         );
         name = "Sources";
         path = "";
         sourceTree = "SOURCE_ROOT";
      };
      "OBJ_70" = {
         isa = "PBXFileReference";
         path = "DecisionState.swift";
         sourceTree = "<group>";
      };
      "OBJ_71" = {
         isa = "PBXFileReference";
         path = "DefaultATNConfig.swift";
         sourceTree = "<group>";
      };
      "OBJ_72" = {
         isa = "PBXFileReference";
         path = "EmptyPredictionContext.swift";
         sourceTree = "<group>";
      };
      "OBJ_73" = {
         isa = "PBXFileReference";
         path = "EpsilonTransition.swift";
         sourceTree = "<group>";
      };
      "OBJ_74" = {
         isa = "PBXFileReference";
         path = "ErrorInfo.swift";
         sourceTree = "<group>";
      };
      "OBJ_75" = {
         isa = "PBXFileReference";
         path = "LL1Analyzer.swift";
         sourceTree = "<group>";
      };
      "OBJ_76" = {
         isa = "PBXFileReference";
         path = "LexerATNConfig.swift";
         sourceTree = "<group>";
      };
      "OBJ_77" = {
         isa = "PBXFileReference";
         path = "LexerATNSimulator.swift";
         sourceTree = "<group>";
      };
      "OBJ_78" = {
         isa = "PBXFileReference";
         path = "LexerAction.swift";
         sourceTree = "<group>";
      };
      "OBJ_79" = {
         isa = "PBXFileReference";
         path = "LexerActionExecutor.swift";
         sourceTree = "<group>";
      };
      "OBJ_8" = {
         isa = "PBXGroup";
         children = (
            "OBJ_9",
            "OBJ_10",
            "OBJ_11",
            "OBJ_12",
            "OBJ_13",
            "OBJ_14",
            "OBJ_15",
            "OBJ_16",
            "OBJ_17",
            "OBJ_18",
            "OBJ_19",
            "OBJ_20",
            "OBJ_21",
            "OBJ_22",
            "OBJ_23",
            "OBJ_24",
            "OBJ_25",
            "OBJ_26",
            "OBJ_27",
            "OBJ_28",
            "OBJ_29",
            "OBJ_30",
            "OBJ_31",
            "OBJ_32",
            "OBJ_33",
            "OBJ_34",
            "OBJ_35",
            "OBJ_36",
            "OBJ_37",
            "OBJ_38",
            "OBJ_39",
            "OBJ_40",
            "OBJ_41",
            "OBJ_42",
            "OBJ_43",
            "OBJ_44",
            "OBJ_45",
            "OBJ_46",
            "OBJ_47",
            "OBJ_48",
            "OBJ_49",
            "OBJ_119",
            "OBJ_124",
            "OBJ_147"
         );
         name = "Antlr4";
         path = "Sources/Antlr4";
         sourceTree = "SOURCE_ROOT";
      };
      "OBJ_80" = {
         isa = "PBXFileReference";
         path = "LexerActionType.swift";
         sourceTree = "<group>";
      };
      "OBJ_81" = {
         isa = "PBXFileReference";
         path = "LexerChannelAction.swift";
         sourceTree = "<group>";
      };
      "OBJ_82" = {
         isa = "PBXFileReference";
         path = "LexerCustomAction.swift";
         sourceTree = "<group>";
      };
      "OBJ_83" = {
         isa = "PBXFileReference";
         path = "LexerIndexedCustomAction.swift";
         sourceTree = "<group>";
      };
      "OBJ_84" = {
         isa = "PBXFileReference";
         path = "LexerModeAction.swift";
         sourceTree = "<group>";
      };
      "OBJ_85" = {
         isa = "PBXFileReference";
         path = "LexerMoreAction.swift";
         sourceTree = "<group>";
      };
      "OBJ_86" = {
         isa = "PBXFileReference";
         path = "LexerPopModeAction.swift";
         sourceTree = "<group>";
      };
      "OBJ_87" = {
         isa = "PBXFileReference";
         path = "LexerPushModeAction.swift";
         sourceTree = "<group>";
      };
      "OBJ_88" = {
         isa = "PBXFileReference";
         path = "LexerSkipAction.swift";
         sourceTree = "<group>";
      };
      "OBJ_89" = {
         isa = "PBXFileReference";
         path = "LexerTypeAction.swift";
         sourceTree = "<group>";
      };
      "OBJ_9" = {
         isa = "PBXFileReference";
         path = "ANTLRErrorListener.swift";
         sourceTree = "<group>";
      };
      "OBJ_90" = {
         isa = "PBXFileReference";
         path = "LookaheadEventInfo.swift";
         sourceTree = "<group>";
      };
      "OBJ_91" = {
         isa = "PBXFileReference";
         path = "LookupATNConfig.swift";
         sourceTree = "<group>";
      };
      "OBJ_92" = {
         isa = "PBXFileReference";
         path = "LookupDictionary.swift";
         sourceTree = "<group>";
      };
      "OBJ_93" = {
         isa = "PBXFileReference";
         path = "LoopEndState.swift";
         sourceTree = "<group>";
      };
      "OBJ_94" = {
         isa = "PBXFileReference";
         path = "NotSetTransition.swift";
         sourceTree = "<group>";
      };
      "OBJ_95" = {
         isa = "PBXFileReference";
         path = "ParseInfo.swift";
         sourceTree = "<group>";
      };
      "OBJ_96" = {
         isa = "PBXFileReference";
         path = "ParserATNSimulator.swift";
         sourceTree = "<group>";
      };
      "OBJ_97" = {
         isa = "PBXFileReference";
         path = "PlusBlockStartState.swift";
         sourceTree = "<group>";
      };
      "OBJ_98" = {
         isa = "PBXFileReference";
         path = "PlusLoopbackState.swift";
         sourceTree = "<group>";
      };
      "OBJ_99" = {
         isa = "PBXFileReference";
         path = "PrecedencePredicateTransition.swift";
         sourceTree = "<group>";
      };
   };
   rootObject = "OBJ_1";
}
